# THIS IS AN AUTOGENERATED FILE. DO NOT EDIT THIS FILE DIRECTLY.
# yarn lockfile v1


"@ungap/event-target@^0.1.0":
  version "0.1.0"
  resolved "https://registry.yarnpkg.com/@ungap/event-target/-/event-target-0.1.0.tgz#88d527d40de86c4b0c99a060ca241d755999915b"
  integrity sha512-W2oyj0Fe1w/XhPZjkI3oUcDUAmu5P4qsdT2/2S8aMhtAWM/CE/jYWtji0pKNPDfxLI75fa5gWSEmnynKMNP/oA==

cbor-js@^0.1.0:
  version "0.1.0"
  resolved "https://registry.yarnpkg.com/cbor-js/-/cbor-js-0.1.0.tgz#c80ce6120f387e8faa74370dfda21d965b8fc7f9"
  integrity sha1-yAzmEg84fo+qdDcN/aIdlluPx/k=

fullscreen-polyfill@^1.0.2:
  version "1.0.4"
  resolved "https://registry.yarnpkg.com/fullscreen-polyfill/-/fullscreen-polyfill-1.0.4.tgz#fb27ea43251e37e832cf312cc961a7a769665c84"
  integrity sha512-oNQPCv6ULyajmTid3314SYZdyD4QzIC12WrO3D4BZoxo9ThtrvL70c9JAVsoVWTXmZwoQmEXcCHSP5tEcALAwA==

holoplay-core@0.0.8:
  version "0.0.8"
  resolved "https://registry.yarnpkg.com/holoplay-core/-/holoplay-core-0.0.8.tgz#cee12375c4488914a4a37afd9e16e8fa165118cf"
  integrity sha512-fErVQ6dB8onRRKPQGxBT6VOCTIFjnoOu8U2+TBxNJLGgVEeOR6hr4yYEMHSSSOFUjyFLpWXWfEkFt34vOS+VFA==
  dependencies:
    cbor-js "^0.1.0"
    ws "^7.2.0"

holoplay@^1.0.3:
  version "1.0.3"
  resolved "https://registry.yarnpkg.com/holoplay/-/holoplay-1.0.3.tgz#c6e13989d9df37315231f50f4f7309d83568a0ee"
  integrity sha512-r1sLLcO8/pSg1rb7051JSSVkWoLZddK/+3jXS677dgM0u3AwluoikDxTAbFvkVMj4OMbodHoMhoIaJLZUcWyHA==
  dependencies:
    "@ungap/event-target" "^0.1.0"
    fullscreen-polyfill "^1.0.2"
    holoplay-core "0.0.8"
    three "^0.102.1"

prettier@^2.3.2:
  version "2.3.2"
  resolved "https://registry.yarnpkg.com/prettier/-/prettier-2.3.2.tgz#ef280a05ec253712e486233db5c6f23441e7342d"
  integrity sha512-lnJzDfJ66zkMy58OL5/NY5zp70S7Nz6KqcKkXYzn2tMVrNxvbqaBpg7H3qHaLxCJ5lNMsGuM8+ohS7cZrthdLQ==

three@^0.102.1:
  version "0.102.1"
  resolved "https://registry.yarnpkg.com/three/-/three-0.102.1.tgz#fc08b6b11860cf59e8cd45b7e90e34d1d1a8cbd6"
  integrity sha512-btHBdww/Es4vdBkB2GjTE9mpj0vy8tgtxkX7ne7uxySXV8zoGxWJv1N88BydxnCqvAfmD4ZUTqPeESO7oDgeOQ==

three@^0.130.1:
  version "0.130.1"
  resolved "https://registry.yarnpkg.com/three/-/three-0.130.1.tgz#797588b2877ace31603bbbc864eb2e3022f0b3b4"
  integrity sha512-OSPPKcGvFSiGkG3jFrwwC76PBV/ZSrGxpBbg28bW8s9GU8r/y2spNGtEXHEb/CVqo0Ctf5Lx2rVaxQZB6OasaA==

typescript@^4.3.5:
  version "4.3.5"
  resolved "https://registry.yarnpkg.com/typescript/-/typescript-4.3.5.tgz#4d1c37cc16e893973c45a06886b7113234f119f4"
  integrity sha512-DqQgihaQ9cUrskJo9kIyW/+g0Vxsk8cDtZ52a3NGh0YNTfpUSArXSohyUGnvbPazEPLu398C0UxmKSOrPumUzA==

ws@^7.2.0:
  version "7.5.3"
  resolved "https://registry.yarnpkg.com/ws/-/ws-7.5.3.tgz#160835b63c7d97bfab418fc1b8a9fced2ac01a74"
  integrity sha512-kQ/dHIzuLrS6Je9+uv81ueZomEwH0qVYstcAQ4/Z93K8zeko9gtAbttJWzoC5ukqXY1PpoouV3+VSOqEAFt5wg==
